// !$*UTF8*$!
{
	archiveVersion = 1;
	classes = {
	};
	objectVersion = 56;
	objects = {

/* Begin PBXBuildFile section */
		74122B622973561A00E6ED58 /* MovieService.swift in Sources */ = {isa = PBXBuildFile; fileRef = 74122B612973561A00E6ED58 /* MovieService.swift */; };
		742088E72972BB370010B625 /* HomeViewController.swift in Sources */ = {isa = PBXBuildFile; fileRef = 742088E62972BB370010B625 /* HomeViewController.swift */; };
		742088E92972BB940010B625 /* NetworkManager.swift in Sources */ = {isa = PBXBuildFile; fileRef = 742088E82972BB940010B625 /* NetworkManager.swift */; };
		742088EC2972D71A0010B625 /* MovieModel.swift in Sources */ = {isa = PBXBuildFile; fileRef = 742088EB2972D71A0010B625 /* MovieModel.swift */; };
		742088EE2972F0130010B625 /* ErrorModel.swift in Sources */ = {isa = PBXBuildFile; fileRef = 742088ED2972F0130010B625 /* ErrorModel.swift */; };
		74421C8A297C11B5001533F8 /* APIURLs.swift in Sources */ = {isa = PBXBuildFile; fileRef = 74421C89297C11B5001533F8 /* APIURLs.swift */; };
		74421C8C297D816C001533F8 /* HomeViewModel.swift in Sources */ = {isa = PBXBuildFile; fileRef = 74421C8B297D816C001533F8 /* HomeViewModel.swift */; };
		74421C8F297D87E0001533F8 /* UIView+Ext.swift in Sources */ = {isa = PBXBuildFile; fileRef = 74421C8E297D87E0001533F8 /* UIView+Ext.swift */; };
		74421C91297D88B8001533F8 /* UIHelper.swift in Sources */ = {isa = PBXBuildFile; fileRef = 74421C90297D88B8001533F8 /* UIHelper.swift */; };
		74421C93297D8A95001533F8 /* CGFloat+Ext.swift in Sources */ = {isa = PBXBuildFile; fileRef = 74421C92297D8A95001533F8 /* CGFloat+Ext.swift */; };
		74421C95297D8D23001533F8 /* MovieCell.swift in Sources */ = {isa = PBXBuildFile; fileRef = 74421C94297D8D23001533F8 /* MovieCell.swift */; };
		74421C97297EFF7B001533F8 /* PosterImageView.swift in Sources */ = {isa = PBXBuildFile; fileRef = 74421C96297EFF7B001533F8 /* PosterImageView.swift */; };
		74421C99298322E3001533F8 /* UICollectionView+Ext.swift in Sources */ = {isa = PBXBuildFile; fileRef = 74421C98298322E3001533F8 /* UICollectionView+Ext.swift */; };
		7487E8E029883CE3001F715E /* DetailViewController.swift in Sources */ = {isa = PBXBuildFile; fileRef = 7487E8DF29883CE3001F715E /* DetailViewController.swift */; };
		7487E8E229884229001F715E /* DetailViewModel.swift in Sources */ = {isa = PBXBuildFile; fileRef = 7487E8E129884229001F715E /* DetailViewModel.swift */; };
		7490E0B029729F4600F5A731 /* AppDelegate.swift in Sources */ = {isa = PBXBuildFile; fileRef = 7490E0AF29729F4600F5A731 /* AppDelegate.swift */; };
		7490E0B229729F4600F5A731 /* SceneDelegate.swift in Sources */ = {isa = PBXBuildFile; fileRef = 7490E0B129729F4600F5A731 /* SceneDelegate.swift */; };
		7490E0B429729F4600F5A731 /* ViewController.swift in Sources */ = {isa = PBXBuildFile; fileRef = 7490E0B329729F4600F5A731 /* ViewController.swift */; };
		7490E0B929729F4700F5A731 /* Assets.xcassets in Resources */ = {isa = PBXBuildFile; fileRef = 7490E0B829729F4700F5A731 /* Assets.xcassets */; };
		7490E0BC29729F4700F5A731 /* LaunchScreen.storyboard in Resources */ = {isa = PBXBuildFile; fileRef = 7490E0BA29729F4700F5A731 /* LaunchScreen.storyboard */; };
/* End PBXBuildFile section */

/* Begin PBXFileReference section */
		74122B612973561A00E6ED58 /* MovieService.swift */ = {isa = PBXFileReference; lastKnownFileType = sourcecode.swift; path = MovieService.swift; sourceTree = "<group>"; };
		742088E62972BB370010B625 /* HomeViewController.swift */ = {isa = PBXFileReference; lastKnownFileType = sourcecode.swift; path = HomeViewController.swift; sourceTree = "<group>"; };
		742088E82972BB940010B625 /* NetworkManager.swift */ = {isa = PBXFileReference; lastKnownFileType = sourcecode.swift; path = NetworkManager.swift; sourceTree = "<group>"; };
		742088EB2972D71A0010B625 /* MovieModel.swift */ = {isa = PBXFileReference; lastKnownFileType = sourcecode.swift; path = MovieModel.swift; sourceTree = "<group>"; };
		742088ED2972F0130010B625 /* ErrorModel.swift */ = {isa = PBXFileReference; lastKnownFileType = sourcecode.swift; path = ErrorModel.swift; sourceTree = "<group>"; };
		74421C89297C11B5001533F8 /* APIURLs.swift */ = {isa = PBXFileReference; lastKnownFileType = sourcecode.swift; path = APIURLs.swift; sourceTree = "<group>"; };
		74421C8B297D816C001533F8 /* HomeViewModel.swift */ = {isa = PBXFileReference; lastKnownFileType = sourcecode.swift; path = HomeViewModel.swift; sourceTree = "<group>"; };
		74421C8E297D87E0001533F8 /* UIView+Ext.swift */ = {isa = PBXFileReference; lastKnownFileType = sourcecode.swift; path = "UIView+Ext.swift"; sourceTree = "<group>"; };
		74421C90297D88B8001533F8 /* UIHelper.swift */ = {isa = PBXFileReference; lastKnownFileType = sourcecode.swift; path = UIHelper.swift; sourceTree = "<group>"; };
		74421C92297D8A95001533F8 /* CGFloat+Ext.swift */ = {isa = PBXFileReference; lastKnownFileType = sourcecode.swift; path = "CGFloat+Ext.swift"; sourceTree = "<group>"; };
		74421C94297D8D23001533F8 /* MovieCell.swift */ = {isa = PBXFileReference; lastKnownFileType = sourcecode.swift; path = MovieCell.swift; sourceTree = "<group>"; };
		74421C96297EFF7B001533F8 /* PosterImageView.swift */ = {isa = PBXFileReference; lastKnownFileType = sourcecode.swift; path = PosterImageView.swift; sourceTree = "<group>"; };
		74421C98298322E3001533F8 /* UICollectionView+Ext.swift */ = {isa = PBXFileReference; lastKnownFileType = sourcecode.swift; path = "UICollectionView+Ext.swift"; sourceTree = "<group>"; };
		7487E8DF29883CE3001F715E /* DetailViewController.swift */ = {isa = PBXFileReference; lastKnownFileType = sourcecode.swift; path = DetailViewController.swift; sourceTree = "<group>"; };
		7487E8E129884229001F715E /* DetailViewModel.swift */ = {isa = PBXFileReference; lastKnownFileType = sourcecode.swift; path = DetailViewModel.swift; sourceTree = "<group>"; };
		7490E0AC29729F4600F5A731 /* MovieApp.app */ = {isa = PBXFileReference; explicitFileType = wrapper.application; includeInIndex = 0; path = MovieApp.app; sourceTree = BUILT_PRODUCTS_DIR; };
		7490E0AF29729F4600F5A731 /* AppDelegate.swift */ = {isa = PBXFileReference; lastKnownFileType = sourcecode.swift; path = AppDelegate.swift; sourceTree = "<group>"; };
		7490E0B129729F4600F5A731 /* SceneDelegate.swift */ = {isa = PBXFileReference; lastKnownFileType = sourcecode.swift; path = SceneDelegate.swift; sourceTree = "<group>"; };
		7490E0B329729F4600F5A731 /* ViewController.swift */ = {isa = PBXFileReference; lastKnownFileType = sourcecode.swift; path = ViewController.swift; sourceTree = "<group>"; };
		7490E0B829729F4700F5A731 /* Assets.xcassets */ = {isa = PBXFileReference; lastKnownFileType = folder.assetcatalog; path = Assets.xcassets; sourceTree = "<group>"; };
		7490E0BB29729F4700F5A731 /* Base */ = {isa = PBXFileReference; lastKnownFileType = file.storyboard; name = Base; path = Base.lproj/LaunchScreen.storyboard; sourceTree = "<group>"; };
		7490E0BD29729F4700F5A731 /* Info.plist */ = {isa = PBXFileReference; lastKnownFileType = text.plist.xml; path = Info.plist; sourceTree = "<group>"; };
/* End PBXFileReference section */

/* Begin PBXFrameworksBuildPhase section */
		7490E0A929729F4600F5A731 /* Frameworks */ = {
			isa = PBXFrameworksBuildPhase;
			buildActionMask = 2147483647;
			files = (
			);
			runOnlyForDeploymentPostprocessing = 0;
		};
/* End PBXFrameworksBuildPhase section */

/* Begin PBXGroup section */
		742088E02972BA720010B625 /* Scenes */ = {
			isa = PBXGroup;
			children = (
				7487E8DE29883CC0001F715E /* DetailScreen */,
				742088E52972BB120010B625 /* HomeScreen */,
			);
			path = Scenes;
			sourceTree = "<group>";
		};
		742088E12972BA7F0010B625 /* Utilies */ = {
			isa = PBXGroup;
			children = (
				742088E82972BB940010B625 /* NetworkManager.swift */,
				74421C89297C11B5001533F8 /* APIURLs.swift */,
				74421C90297D88B8001533F8 /* UIHelper.swift */,
			);
			path = Utilies;
			sourceTree = "<group>";
		};
		742088E22972BA8C0010B625 /* Core */ = {
			isa = PBXGroup;
			children = (
				742088E02972BA720010B625 /* Scenes */,
			);
			path = Core;
			sourceTree = "<group>";
		};
		742088E32972BABE0010B625 /* Components */ = {
			isa = PBXGroup;
			children = (
				74421C94297D8D23001533F8 /* MovieCell.swift */,
				74421C96297EFF7B001533F8 /* PosterImageView.swift */,
			);
			path = Components;
			sourceTree = "<group>";
		};
		742088E42972BAF40010B625 /* Services */ = {
			isa = PBXGroup;
			children = (
				74122B612973561A00E6ED58 /* MovieService.swift */,
			);
			path = Services;
			sourceTree = "<group>";
		};
		742088E52972BB120010B625 /* HomeScreen */ = {
			isa = PBXGroup;
			children = (
				742088E32972BABE0010B625 /* Components */,
				742088E62972BB370010B625 /* HomeViewController.swift */,
				74421C8B297D816C001533F8 /* HomeViewModel.swift */,
			);
			path = HomeScreen;
			sourceTree = "<group>";
		};
		742088EA2972D70E0010B625 /* Models */ = {
			isa = PBXGroup;
			children = (
				742088EB2972D71A0010B625 /* MovieModel.swift */,
				742088ED2972F0130010B625 /* ErrorModel.swift */,
			);
			path = Models;
			sourceTree = "<group>";
		};
		74421C8D297D87C5001533F8 /* Extensions */ = {
			isa = PBXGroup;
			children = (
				74421C8E297D87E0001533F8 /* UIView+Ext.swift */,
				74421C92297D8A95001533F8 /* CGFloat+Ext.swift */,
				74421C98298322E3001533F8 /* UICollectionView+Ext.swift */,
			);
			path = Extensions;
			sourceTree = "<group>";
		};
		7487E8DE29883CC0001F715E /* DetailScreen */ = {
			isa = PBXGroup;
			children = (
				7487E8DF29883CE3001F715E /* DetailViewController.swift */,
				7487E8E129884229001F715E /* DetailViewModel.swift */,
			);
			path = DetailScreen;
			sourceTree = "<group>";
		};
		7490E0A329729F4600F5A731 = {
			isa = PBXGroup;
			children = (
				7490E0AE29729F4600F5A731 /* MovieApp */,
				7490E0AD29729F4600F5A731 /* Products */,
			);
			sourceTree = "<group>";
		};
		7490E0AD29729F4600F5A731 /* Products */ = {
			isa = PBXGroup;
			children = (
				7490E0AC29729F4600F5A731 /* MovieApp.app */,
			);
			name = Products;
			sourceTree = "<group>";
		};
		7490E0AE29729F4600F5A731 /* MovieApp */ = {
			isa = PBXGroup;
			children = (
				74421C8D297D87C5001533F8 /* Extensions */,
				742088EA2972D70E0010B625 /* Models */,
				742088E42972BAF40010B625 /* Services */,
				742088E22972BA8C0010B625 /* Core */,
				742088E12972BA7F0010B625 /* Utilies */,
				7490E0AF29729F4600F5A731 /* AppDelegate.swift */,
				7490E0B129729F4600F5A731 /* SceneDelegate.swift */,
				7490E0B329729F4600F5A731 /* ViewController.swift */,
				7490E0B829729F4700F5A731 /* Assets.xcassets */,
				7490E0BA29729F4700F5A731 /* LaunchScreen.storyboard */,
				7490E0BD29729F4700F5A731 /* Info.plist */,
			);
			path = MovieApp;
			sourceTree = "<group>";
		};
/* End PBXGroup section */

/* Begin PBXNativeTarget section */
		7490E0AB29729F4600F5A731 /* MovieApp */ = {
			isa = PBXNativeTarget;
			buildConfigurationList = 7490E0C029729F4700F5A731 /* Build configuration list for PBXNativeTarget "MovieApp" */;
			buildPhases = (
				7490E0A829729F4600F5A731 /* Sources */,
				7490E0A929729F4600F5A731 /* Frameworks */,
				7490E0AA29729F4600F5A731 /* Resources */,
			);
			buildRules = (
			);
			dependencies = (
			);
			name = MovieApp;
			productName = MovieApp;
			productReference = 7490E0AC29729F4600F5A731 /* MovieApp.app */;
			productType = "com.apple.product-type.application";
		};
/* End PBXNativeTarget section */

/* Begin PBXProject section */
		7490E0A429729F4600F5A731 /* Project object */ = {
			isa = PBXProject;
			attributes = {
				BuildIndependentTargetsInParallel = 1;
				LastSwiftUpdateCheck = 1400;
				LastUpgradeCheck = 1400;
				TargetAttributes = {
					7490E0AB29729F4600F5A731 = {
						CreatedOnToolsVersion = 14.0.1;
					};
				};
			};
			buildConfigurationList = 7490E0A729729F4600F5A731 /* Build configuration list for PBXProject "MovieApp" */;
			compatibilityVersion = "Xcode 14.0";
			developmentRegion = en;
			hasScannedForEncodings = 0;
			knownRegions = (
				en,
				Base,
			);
			mainGroup = 7490E0A329729F4600F5A731;
			productRefGroup = 7490E0AD29729F4600F5A731 /* Products */;
			projectDirPath = "";
			projectRoot = "";
			targets = (
				7490E0AB29729F4600F5A731 /* MovieApp */,
			);
		};
/* End PBXProject section */

/* Begin PBXResourcesBuildPhase section */
		7490E0AA29729F4600F5A731 /* Resources */ = {
			isa = PBXResourcesBuildPhase;
			buildActionMask = 2147483647;
			files = (
				7490E0BC29729F4700F5A731 /* LaunchScreen.storyboard in Resources */,
				7490E0B929729F4700F5A731 /* Assets.xcassets in Resources */,
			);
			runOnlyForDeploymentPostprocessing = 0;
		};
/* End PBXResourcesBuildPhase section */

/* Begin PBXSourcesBuildPhase section */
		7490E0A829729F4600F5A731 /* Sources */ = {
			isa = PBXSourcesBuildPhase;
			buildActionMask = 2147483647;
			files = (
				74421C95297D8D23001533F8 /* MovieCell.swift in Sources */,
				7487E8E029883CE3001F715E /* DetailViewController.swift in Sources */,
				74122B622973561A00E6ED58 /* MovieService.swift in Sources */,
				74421C8F297D87E0001533F8 /* UIView+Ext.swift in Sources */,
				742088EE2972F0130010B625 /* ErrorModel.swift in Sources */,
				74421C97297EFF7B001533F8 /* PosterImageView.swift in Sources */,
				742088EC2972D71A0010B625 /* MovieModel.swift in Sources */,
				74421C99298322E3001533F8 /* UICollectionView+Ext.swift in Sources */,
				74421C8C297D816C001533F8 /* HomeViewModel.swift in Sources */,
				742088E92972BB940010B625 /* NetworkManager.swift in Sources */,
				7490E0B429729F4600F5A731 /* ViewController.swift in Sources */,
				7490E0B029729F4600F5A731 /* AppDelegate.swift in Sources */,
				7490E0B229729F4600F5A731 /* SceneDelegate.swift in Sources */,
				7487E8E229884229001F715E /* DetailViewModel.swift in Sources */,
				74421C8A297C11B5001533F8 /* APIURLs.swift in Sources */,
				742088E72972BB370010B625 /* HomeViewController.swift in Sources */,
				74421C91297D88B8001533F8 /* UIHelper.swift in Sources */,
				74421C93297D8A95001533F8 /* CGFloat+Ext.swift in Sources */,
			);
			runOnlyForDeploymentPostprocessing = 0;
		};
/* End PBXSourcesBuildPhase section */

/* Begin PBXVariantGroup section */
		7490E0BA29729F4700F5A731 /* LaunchScreen.storyboard */ = {
			isa = PBXVariantGroup;
			children = (
				7490E0BB29729F4700F5A731 /* Base */,
			);
			name = LaunchScreen.storyboard;
			sourceTree = "<group>";
		};
/* End PBXVariantGroup section */

/* Begin XCBuildConfiguration section */
		7490E0BE29729F4700F5A731 /* Debug */ = {
			isa = XCBuildConfiguration;
			buildSettings = {
				ALWAYS_SEARCH_USER_PATHS = NO;
				CLANG_ANALYZER_NONNULL = YES;
				CLANG_ANALYZER_NUMBER_OBJECT_CONVERSION = YES_AGGRESSIVE;
				CLANG_CXX_LANGUAGE_STANDARD = "gnu++20";
				CLANG_ENABLE_MODULES = YES;
				CLANG_ENABLE_OBJC_ARC = YES;
				CLANG_ENABLE_OBJC_WEAK = YES;
				CLANG_WARN_BLOCK_CAPTURE_AUTORELEASING = YES;
				CLANG_WARN_BOOL_CONVERSION = YES;
				CLANG_WARN_COMMA = YES;
				CLANG_WARN_CONSTANT_CONVERSION = YES;
				CLANG_WARN_DEPRECATED_OBJC_IMPLEMENTATIONS = YES;
				CLANG_WARN_DIRECT_OBJC_ISA_USAGE = YES_ERROR;
				CLANG_WARN_DOCUMENTATION_COMMENTS = YES;
				CLANG_WARN_EMPTY_BODY = YES;
				CLANG_WARN_ENUM_CONVERSION = YES;
				CLANG_WARN_INFINITE_RECURSION = YES;
				CLANG_WARN_INT_CONVERSION = YES;
				CLANG_WARN_NON_LITERAL_NULL_CONVERSION = YES;
				CLANG_WARN_OBJC_IMPLICIT_RETAIN_SELF = YES;
				CLANG_WARN_OBJC_LITERAL_CONVERSION = YES;
				CLANG_WARN_OBJC_ROOT_CLASS = YES_ERROR;
				CLANG_WARN_QUOTED_INCLUDE_IN_FRAMEWORK_HEADER = YES;
				CLANG_WARN_RANGE_LOOP_ANALYSIS = YES;
				CLANG_WARN_STRICT_PROTOTYPES = YES;
				CLANG_WARN_SUSPICIOUS_MOVE = YES;
				CLANG_WARN_UNGUARDED_AVAILABILITY = YES_AGGRESSIVE;
				CLANG_WARN_UNREACHABLE_CODE = YES;
				CLANG_WARN__DUPLICATE_METHOD_MATCH = YES;
				COPY_PHASE_STRIP = NO;
				DEBUG_INFORMATION_FORMAT = dwarf;
				ENABLE_STRICT_OBJC_MSGSEND = YES;
				ENABLE_TESTABILITY = YES;
				GCC_C_LANGUAGE_STANDARD = gnu11;
				GCC_DYNAMIC_NO_PIC = NO;
				GCC_NO_COMMON_BLOCKS = YES;
				GCC_OPTIMIZATION_LEVEL = 0;
				GCC_PREPROCESSOR_DEFINITIONS = (
					"DEBUG=1",
					"$(inherited)",
				);
				GCC_WARN_64_TO_32_BIT_CONVERSION = YES;
				GCC_WARN_ABOUT_RETURN_TYPE = YES_ERROR;
				GCC_WARN_UNDECLARED_SELECTOR = YES;
				GCC_WARN_UNINITIALIZED_AUTOS = YES_AGGRESSIVE;
				GCC_WARN_UNUSED_FUNCTION = YES;
				GCC_WARN_UNUSED_VARIABLE = YES;
				IPHONEOS_DEPLOYMENT_TARGET = 16.0;
				MTL_ENABLE_DEBUG_INFO = INCLUDE_SOURCE;
				MTL_FAST_MATH = YES;
				ONLY_ACTIVE_ARCH = YES;
				SDKROOT = iphoneos;
				SWIFT_ACTIVE_COMPILATION_CONDITIONS = DEBUG;
				SWIFT_OPTIMIZATION_LEVEL = "-Onone";
			};
			name = Debug;
		};
		7490E0BF29729F4700F5A731 /* Release */ = {
			isa = XCBuildConfiguration;
			buildSettings = {
				ALWAYS_SEARCH_USER_PATHS = NO;
				CLANG_ANALYZER_NONNULL = YES;
				CLANG_ANALYZER_NUMBER_OBJECT_CONVERSION = YES_AGGRESSIVE;
				CLANG_CXX_LANGUAGE_STANDARD = "gnu++20";
				CLANG_ENABLE_MODULES = YES;
				CLANG_ENABLE_OBJC_ARC = YES;
				CLANG_ENABLE_OBJC_WEAK = YES;
				CLANG_WARN_BLOCK_CAPTURE_AUTORELEASING = YES;
				CLANG_WARN_BOOL_CONVERSION = YES;
				CLANG_WARN_COMMA = YES;
				CLANG_WARN_CONSTANT_CONVERSION = YES;
				CLANG_WARN_DEPRECATED_OBJC_IMPLEMENTATIONS = YES;
				CLANG_WARN_DIRECT_OBJC_ISA_USAGE = YES_ERROR;
				CLANG_WARN_DOCUMENTATION_COMMENTS = YES;
				CLANG_WARN_EMPTY_BODY = YES;
				CLANG_WARN_ENUM_CONVERSION = YES;
				CLANG_WARN_INFINITE_RECURSION = YES;
				CLANG_WARN_INT_CONVERSION = YES;
				CLANG_WARN_NON_LITERAL_NULL_CONVERSION = YES;
				CLANG_WARN_OBJC_IMPLICIT_RETAIN_SELF = YES;
				CLANG_WARN_OBJC_LITERAL_CONVERSION = YES;
				CLANG_WARN_OBJC_ROOT_CLASS = YES_ERROR;
				CLANG_WARN_QUOTED_INCLUDE_IN_FRAMEWORK_HEADER = YES;
				CLANG_WARN_RANGE_LOOP_ANALYSIS = YES;
				CLANG_WARN_STRICT_PROTOTYPES = YES;
				CLANG_WARN_SUSPICIOUS_MOVE = YES;
				CLANG_WARN_UNGUARDED_AVAILABILITY = YES_AGGRESSIVE;
				CLANG_WARN_UNREACHABLE_CODE = YES;
				CLANG_WARN__DUPLICATE_METHOD_MATCH = YES;
				COPY_PHASE_STRIP = NO;
				DEBUG_INFORMATION_FORMAT = "dwarf-with-dsym";
				ENABLE_NS_ASSERTIONS = NO;
				ENABLE_STRICT_OBJC_MSGSEND = YES;
				GCC_C_LANGUAGE_STANDARD = gnu11;
				GCC_NO_COMMON_BLOCKS = YES;
				GCC_WARN_64_TO_32_BIT_CONVERSION = YES;
				GCC_WARN_ABOUT_RETURN_TYPE = YES_ERROR;
				GCC_WARN_UNDECLARED_SELECTOR = YES;
				GCC_WARN_UNINITIALIZED_AUTOS = YES_AGGRESSIVE;
				GCC_WARN_UNUSED_FUNCTION = YES;
				GCC_WARN_UNUSED_VARIABLE = YES;
				IPHONEOS_DEPLOYMENT_TARGET = 16.0;
				MTL_ENABLE_DEBUG_INFO = NO;
				MTL_FAST_MATH = YES;
				SDKROOT = iphoneos;
				SWIFT_COMPILATION_MODE = wholemodule;
				SWIFT_OPTIMIZATION_LEVEL = "-O";
				VALIDATE_PRODUCT = YES;
			};
			name = Release;
		};
		7490E0C129729F4700F5A731 /* Debug */ = {
			isa = XCBuildConfiguration;
			buildSettings = {
				ASSETCATALOG_COMPILER_APPICON_NAME = AppIcon;
				ASSETCATALOG_COMPILER_GLOBAL_ACCENT_COLOR_NAME = AccentColor;
				CODE_SIGN_STYLE = Automatic;
				CURRENT_PROJECT_VERSION = 1;
				GENERATE_INFOPLIST_FILE = YES;
				INFOPLIST_FILE = MovieApp/Info.plist;
				INFOPLIST_KEY_UIApplicationSupportsIndirectInputEvents = YES;
				INFOPLIST_KEY_UILaunchStoryboardName = LaunchScreen.storyboard;
				INFOPLIST_KEY_UIStatusBarStyle = "";
				INFOPLIST_KEY_UISupportedInterfaceOrientations = "UIInterfaceOrientationLandscapeLeft UIInterfaceOrientationLandscapeRight UIInterfaceOrientationPortrait";
				INFOPLIST_KEY_UISupportedInterfaceOrientations_iPad = "UIInterfaceOrientationLandscapeLeft UIInterfaceOrientationLandscapeRight UIInterfaceOrientationPortrait UIInterfaceOrientationPortraitUpsideDown";
				IPHONEOS_DEPLOYMENT_TARGET = 16.0;
				LD_RUNPATH_SEARCH_PATHS = (
					"$(inherited)",
					"@executable_path/Frameworks",
				);
				MARKETING_VERSION = 1.0;
				PRODUCT_BUNDLE_IDENTIFIER = com.furkansarip.MovieApp;
				PRODUCT_NAME = "$(TARGET_NAME)";
				SUPPORTED_PLATFORMS = "iphoneos iphonesimulator";
				SUPPORTS_MACCATALYST = NO;
				SUPPORTS_MAC_DESIGNED_FOR_IPHONE_IPAD = NO;
				SWIFT_EMIT_LOC_STRINGS = YES;
				SWIFT_VERSION = 5.0;
				TARGETED_DEVICE_FAMILY = 1;
			};
			name = Debug;
		};
		7490E0C229729F4700F5A731 /* Release */ = {
			isa = XCBuildConfiguration;
			buildSettings = {
				ASSETCATALOG_COMPILER_APPICON_NAME = AppIcon;
				ASSETCATALOG_COMPILER_GLOBAL_ACCENT_COLOR_NAME = AccentColor;
				CODE_SIGN_STYLE = Automatic;
				CURRENT_PROJECT_VERSION = 1;
				GENERATE_INFOPLIST_FILE = YES;
				INFOPLIST_FILE = MovieApp/Info.plist;
				INFOPLIST_KEY_UIApplicationSupportsIndirectInputEvents = YES;
				INFOPLIST_KEY_UILaunchStoryboardName = LaunchScreen.storyboard;
				INFOPLIST_KEY_UIStatusBarStyle = "";
				INFOPLIST_KEY_UISupportedInterfaceOrientations = "UIInterfaceOrientationLandscapeLeft UIInterfaceOrientationLandscapeRight UIInterfaceOrientationPortrait";
				INFOPLIST_KEY_UISupportedInterfaceOrientations_iPad = "UIInterfaceOrientationLandscapeLeft UIInterfaceOrientationLandscapeRight UIInterfaceOrientationPortrait UIInterfaceOrientationPortraitUpsideDown";
				IPHONEOS_DEPLOYMENT_TARGET = 16.0;
				LD_RUNPATH_SEARCH_PATHS = (
					"$(inherited)",
					"@executable_path/Frameworks",
				);
				MARKETING_VERSION = 1.0;
				PRODUCT_BUNDLE_IDENTIFIER = com.furkansarip.MovieApp;
				PRODUCT_NAME = "$(TARGET_NAME)";
				SUPPORTED_PLATFORMS = "iphoneos iphonesimulator";
				SUPPORTS_MACCATALYST = NO;
				SUPPORTS_MAC_DESIGNED_FOR_IPHONE_IPAD = NO;
				SWIFT_EMIT_LOC_STRINGS = YES;
				SWIFT_VERSION = 5.0;
				TARGETED_DEVICE_FAMILY = 1;
			};
			name = Release;
		};
/* End XCBuildConfiguration section */

/* Begin XCConfigurationList section */
		7490E0A729729F4600F5A731 /* Build configuration list for PBXProject "MovieApp" */ = {
			isa = XCConfigurationList;
			buildConfigurations = (
				7490E0BE29729F4700F5A731 /* Debug */,
				7490E0BF29729F4700F5A731 /* Release */,
			);
			defaultConfigurationIsVisible = 0;
			defaultConfigurationName = Release;
		};
		7490E0C029729F4700F5A731 /* Build configuration list for PBXNativeTarget "MovieApp" */ = {
			isa = XCConfigurationList;
			buildConfigurations = (
				7490E0C129729F4700F5A731 /* Debug */,
				7490E0C229729F4700F5A731 /* Release */,
			);
			defaultConfigurationIsVisible = 0;
			defaultConfigurationName = Release;
		};
/* End XCConfigurationList section */
	};
	rootObject = 7490E0A429729F4600F5A731 /* Project object */;
}
